// !$*UTF8*$!
{
	archiveVersion = 1;
	classes = {
	};
	objectVersion = 77;
	objects = {

/* Begin PBXBuildFile section */
		BB5440DD2CA8CC6900BB0AA6 /* Launch Screen.storyboard in Resources */ = {isa = PBXBuildFile; fileRef = BB5440DC2CA8CC6900BB0AA6 /* Launch Screen.storyboard */; };
		BB5716212CB1BD4100C37330 /* Router.swift in Sources */ = {isa = PBXBuildFile; fileRef = BB5716202CB1BD4100C37330 /* Router.swift */; };
		BB78ADA62CADCD1200741F9D /* Tally.swift in Sources */ = {isa = PBXBuildFile; fileRef = BB78ADA52CADCD1200741F9D /* Tally.swift */; };
		BB78ADA82CADCE0100741F9D /* MockData.swift in Sources */ = {isa = PBXBuildFile; fileRef = BB78ADA72CADCE0100741F9D /* MockData.swift */; };
		BB78ADAA2CADF51D00741F9D /* SingleTallyView.swift in Sources */ = {isa = PBXBuildFile; fileRef = BB78ADA92CADF51D00741F9D /* SingleTallyView.swift */; };
		BB78ADAC2CAE006300741F9D /* NewTallyView.swift in Sources */ = {isa = PBXBuildFile; fileRef = BB78ADAB2CAE006300741F9D /* NewTallyView.swift */; };
		BBA0DC922CAF33F900A9DDDC /* WidgetKit.framework in Frameworks */ = {isa = PBXBuildFile; fileRef = BBA0DC492CAF31E400A9DDDC /* WidgetKit.framework */; };
		BBA0DC932CAF33F900A9DDDC /* SwiftUI.framework in Frameworks */ = {isa = PBXBuildFile; fileRef = BBA0DC4B2CAF31E400A9DDDC /* SwiftUI.framework */; };
		BBA0DC9E2CAF33FB00A9DDDC /* MyTalliesWidgetExtension.appex in Embed Foundation Extensions */ = {isa = PBXBuildFile; fileRef = BBA0DC912CAF33F900A9DDDC /* MyTalliesWidgetExtension.appex */; settings = {ATTRIBUTES = (RemoveHeadersOnCopy, ); }; };
		BBA0DCA42CAF49E900A9DDDC /* Tally.swift in Sources */ = {isa = PBXBuildFile; fileRef = BB78ADA52CADCD1200741F9D /* Tally.swift */; };
		BBA0DCA52CAF664300A9DDDC /* SingleTallyView.swift in Sources */ = {isa = PBXBuildFile; fileRef = BB78ADA92CADF51D00741F9D /* SingleTallyView.swift */; };
		BBB7A0CF2CA8C8D600B6E875 /* MyTalliesApp.swift in Sources */ = {isa = PBXBuildFile; fileRef = BBB7A0C82CA8C8D600B6E875 /* MyTalliesApp.swift */; };
		BBB7A0D02CA8C8D600B6E875 /* TallySelectionView.swift in Sources */ = {isa = PBXBuildFile; fileRef = BBB7A0C92CA8C8D600B6E875 /* TallySelectionView.swift */; };
		BBB7A0D22CA8C8D600B6E875 /* Preview Assets.xcassets in Resources */ = {isa = PBXBuildFile; fileRef = BBB7A0C22CA8C8D600B6E875 /* Preview Assets.xcassets */; };
		BBB7A0D32CA8C8D600B6E875 /* Assets.xcassets in Resources */ = {isa = PBXBuildFile; fileRef = BBB7A0C42CA8C8D600B6E875 /* Assets.xcassets */; };
/* End PBXBuildFile section */

/* Begin PBXContainerItemProxy section */
		BBA0DC9C2CAF33FB00A9DDDC /* PBXContainerItemProxy */ = {
			isa = PBXContainerItemProxy;
			containerPortal = BBB7A0872CA8626300B6E875 /* Project object */;
			proxyType = 1;
			remoteGlobalIDString = BBA0DC902CAF33F900A9DDDC;
			remoteInfo = MyTalliesWidgetExtension;
		};
/* End PBXContainerItemProxy section */

/* Begin PBXCopyFilesBuildPhase section */
		BBA0DC602CAF31E600A9DDDC /* Embed Foundation Extensions */ = {
			isa = PBXCopyFilesBuildPhase;
			buildActionMask = 2147483647;
			dstPath = "";
			dstSubfolderSpec = 13;
			files = (
				BBA0DC9E2CAF33FB00A9DDDC /* MyTalliesWidgetExtension.appex in Embed Foundation Extensions */,
			);
			name = "Embed Foundation Extensions";
			runOnlyForDeploymentPostprocessing = 0;
		};
/* End PBXCopyFilesBuildPhase section */

/* Begin PBXFileReference section */
		BB5440DC2CA8CC6900BB0AA6 /* Launch Screen.storyboard */ = {isa = PBXFileReference; lastKnownFileType = file.storyboard; path = "Launch Screen.storyboard"; sourceTree = "<group>"; };
		BB5716202CB1BD4100C37330 /* Router.swift */ = {isa = PBXFileReference; lastKnownFileType = sourcecode.swift; path = Router.swift; sourceTree = "<group>"; };
		BB78ADA52CADCD1200741F9D /* Tally.swift */ = {isa = PBXFileReference; lastKnownFileType = sourcecode.swift; path = Tally.swift; sourceTree = "<group>"; };
		BB78ADA72CADCE0100741F9D /* MockData.swift */ = {isa = PBXFileReference; lastKnownFileType = sourcecode.swift; path = MockData.swift; sourceTree = "<group>"; };
		BB78ADA92CADF51D00741F9D /* SingleTallyView.swift */ = {isa = PBXFileReference; lastKnownFileType = sourcecode.swift; path = SingleTallyView.swift; sourceTree = "<group>"; };
		BB78ADAB2CAE006300741F9D /* NewTallyView.swift */ = {isa = PBXFileReference; lastKnownFileType = sourcecode.swift; path = NewTallyView.swift; sourceTree = "<group>"; };
		BBA0DC2F2CAF2D3900A9DDDC /* MyTallies.entitlements */ = {isa = PBXFileReference; lastKnownFileType = text.plist.entitlements; path = MyTallies.entitlements; sourceTree = "<group>"; };
		BBA0DC492CAF31E400A9DDDC /* WidgetKit.framework */ = {isa = PBXFileReference; lastKnownFileType = wrapper.framework; name = WidgetKit.framework; path = System/Library/Frameworks/WidgetKit.framework; sourceTree = SDKROOT; };
		BBA0DC4B2CAF31E400A9DDDC /* SwiftUI.framework */ = {isa = PBXFileReference; lastKnownFileType = wrapper.framework; name = SwiftUI.framework; path = System/Library/Frameworks/SwiftUI.framework; sourceTree = SDKROOT; };
		BBA0DC912CAF33F900A9DDDC /* MyTalliesWidgetExtension.appex */ = {isa = PBXFileReference; explicitFileType = "wrapper.app-extension"; includeInIndex = 0; path = MyTalliesWidgetExtension.appex; sourceTree = BUILT_PRODUCTS_DIR; };
		BBA0DCA32CAF343A00A9DDDC /* MyTalliesWidgetExtension.entitlements */ = {isa = PBXFileReference; lastKnownFileType = text.plist.entitlements; path = MyTalliesWidgetExtension.entitlements; sourceTree = "<group>"; };
		BBB7A08F2CA8626300B6E875 /* MyTallies.app */ = {isa = PBXFileReference; explicitFileType = wrapper.application; includeInIndex = 0; path = MyTallies.app; sourceTree = BUILT_PRODUCTS_DIR; };
		BBB7A0C22CA8C8D600B6E875 /* Preview Assets.xcassets */ = {isa = PBXFileReference; lastKnownFileType = folder.assetcatalog; path = "Preview Assets.xcassets"; sourceTree = "<group>"; };
		BBB7A0C42CA8C8D600B6E875 /* Assets.xcassets */ = {isa = PBXFileReference; lastKnownFileType = folder.assetcatalog; path = Assets.xcassets; sourceTree = "<group>"; };
		BBB7A0C82CA8C8D600B6E875 /* MyTalliesApp.swift */ = {isa = PBXFileReference; lastKnownFileType = sourcecode.swift; path = MyTalliesApp.swift; sourceTree = "<group>"; };
		BBB7A0C92CA8C8D600B6E875 /* TallySelectionView.swift */ = {isa = PBXFileReference; lastKnownFileType = sourcecode.swift; path = TallySelectionView.swift; sourceTree = "<group>"; };
/* End PBXFileReference section */

/* Begin PBXFileSystemSynchronizedBuildFileExceptionSet section */
		BBA0DC9F2CAF33FB00A9DDDC /* Exceptions for "MyTalliesWidget" folder in "MyTalliesWidgetExtension" target */ = {
			isa = PBXFileSystemSynchronizedBuildFileExceptionSet;
			membershipExceptions = (
				Info.plist,
			);
			target = BBA0DC902CAF33F900A9DDDC /* MyTalliesWidgetExtension */;
		};
/* End PBXFileSystemSynchronizedBuildFileExceptionSet section */

/* Begin PBXFileSystemSynchronizedRootGroup section */
		BBA0DC942CAF33F900A9DDDC /* MyTalliesWidget */ = {
			isa = PBXFileSystemSynchronizedRootGroup;
			exceptions = (
				BBA0DC9F2CAF33FB00A9DDDC /* Exceptions for "MyTalliesWidget" folder in "MyTalliesWidgetExtension" target */,
			);
			path = MyTalliesWidget;
			sourceTree = "<group>";
		};
/* End PBXFileSystemSynchronizedRootGroup section */

/* Begin PBXFrameworksBuildPhase section */
		BBA0DC8E2CAF33F900A9DDDC /* Frameworks */ = {
			isa = PBXFrameworksBuildPhase;
			buildActionMask = 2147483647;
			files = (
				BBA0DC932CAF33F900A9DDDC /* SwiftUI.framework in Frameworks */,
				BBA0DC922CAF33F900A9DDDC /* WidgetKit.framework in Frameworks */,
			);
			runOnlyForDeploymentPostprocessing = 0;
		};
		BBB7A08C2CA8626300B6E875 /* Frameworks */ = {
			isa = PBXFrameworksBuildPhase;
			buildActionMask = 2147483647;
			files = (
			);
			runOnlyForDeploymentPostprocessing = 0;
		};
/* End PBXFrameworksBuildPhase section */

/* Begin PBXGroup section */
		BBA0DC482CAF31E400A9DDDC /* Frameworks */ = {
			isa = PBXGroup;
			children = (
				BBA0DC492CAF31E400A9DDDC /* WidgetKit.framework */,
				BBA0DC4B2CAF31E400A9DDDC /* SwiftUI.framework */,
			);
			name = Frameworks;
			sourceTree = "<group>";
		};
		BBB7A0862CA8626300B6E875 = {
			isa = PBXGroup;
			children = (
				BBA0DCA32CAF343A00A9DDDC /* MyTalliesWidgetExtension.entitlements */,
				BBB7A0CB2CA8C8D600B6E875 /* MyTallies */,
				BBA0DC942CAF33F900A9DDDC /* MyTalliesWidget */,
				BBA0DC482CAF31E400A9DDDC /* Frameworks */,
				BBB7A0902CA8626300B6E875 /* Products */,
			);
			sourceTree = "<group>";
		};
		BBB7A0902CA8626300B6E875 /* Products */ = {
			isa = PBXGroup;
			children = (
				BBB7A08F2CA8626300B6E875 /* MyTallies.app */,
				BBA0DC912CAF33F900A9DDDC /* MyTalliesWidgetExtension.appex */,
			);
			name = Products;
			sourceTree = "<group>";
		};
		BBB7A0C32CA8C8D600B6E875 /* Preview Content */ = {
			isa = PBXGroup;
			children = (
				BBB7A0C22CA8C8D600B6E875 /* Preview Assets.xcassets */,
				BB78ADA72CADCE0100741F9D /* MockData.swift */,
			);
			path = "Preview Content";
			sourceTree = "<group>";
		};
		BBB7A0CB2CA8C8D600B6E875 /* MyTallies */ = {
			isa = PBXGroup;
			children = (
				BBA0DC2F2CAF2D3900A9DDDC /* MyTallies.entitlements */,
				BBB7A0C82CA8C8D600B6E875 /* MyTalliesApp.swift */,
				BBB7A0C92CA8C8D600B6E875 /* TallySelectionView.swift */,
				BB78ADAB2CAE006300741F9D /* NewTallyView.swift */,
				BB78ADA92CADF51D00741F9D /* SingleTallyView.swift */,
				BB78ADA52CADCD1200741F9D /* Tally.swift */,
				BB5440DC2CA8CC6900BB0AA6 /* Launch Screen.storyboard */,
				BBB7A0C42CA8C8D600B6E875 /* Assets.xcassets */,
				BBB7A0C32CA8C8D600B6E875 /* Preview Content */,
				BB5716202CB1BD4100C37330 /* Router.swift */,
			);
			path = MyTallies;
			sourceTree = "<group>";
		};
/* End PBXGroup section */

/* Begin PBXNativeTarget section */
		BBA0DC902CAF33F900A9DDDC /* MyTalliesWidgetExtension */ = {
			isa = PBXNativeTarget;
			buildConfigurationList = BBA0DCA02CAF33FB00A9DDDC /* Build configuration list for PBXNativeTarget "MyTalliesWidgetExtension" */;
			buildPhases = (
				BBA0DC8D2CAF33F900A9DDDC /* Sources */,
				BBA0DC8E2CAF33F900A9DDDC /* Frameworks */,
				BBA0DC8F2CAF33F900A9DDDC /* Resources */,
			);
			buildRules = (
			);
			dependencies = (
			);
			fileSystemSynchronizedGroups = (
				BBA0DC942CAF33F900A9DDDC /* MyTalliesWidget */,
			);
			name = MyTalliesWidgetExtension;
			packageProductDependencies = (
			);
			productName = MyTalliesWidgetExtension;
			productReference = BBA0DC912CAF33F900A9DDDC /* MyTalliesWidgetExtension.appex */;
			productType = "com.apple.product-type.app-extension";
		};
		BBB7A08E2CA8626300B6E875 /* MyTallies */ = {
			isa = PBXNativeTarget;
			buildConfigurationList = BBB7A09D2CA8626400B6E875 /* Build configuration list for PBXNativeTarget "MyTallies" */;
			buildPhases = (
				BBB7A08B2CA8626300B6E875 /* Sources */,
				BBB7A08C2CA8626300B6E875 /* Frameworks */,
				BBB7A08D2CA8626300B6E875 /* Resources */,
				BBA0DC602CAF31E600A9DDDC /* Embed Foundation Extensions */,
			);
			buildRules = (
			);
			dependencies = (
				BBA0DC9D2CAF33FB00A9DDDC /* PBXTargetDependency */,
			);
			name = MyTallies;
			packageProductDependencies = (
			);
			productName = MyTallies;
			productReference = BBB7A08F2CA8626300B6E875 /* MyTallies.app */;
			productType = "com.apple.product-type.application";
		};
/* End PBXNativeTarget section */

/* Begin PBXProject section */
		BBB7A0872CA8626300B6E875 /* Project object */ = {
			isa = PBXProject;
			attributes = {
				BuildIndependentTargetsInParallel = 1;
				LastSwiftUpdateCheck = 1600;
				LastUpgradeCheck = 1600;
				TargetAttributes = {
					BBA0DC902CAF33F900A9DDDC = {
						CreatedOnToolsVersion = 16.0;
					};
					BBB7A08E2CA8626300B6E875 = {
						CreatedOnToolsVersion = 16.0;
					};
				};
			};
			buildConfigurationList = BBB7A08A2CA8626300B6E875 /* Build configuration list for PBXProject "MyTallies" */;
			developmentRegion = en;
			hasScannedForEncodings = 0;
			knownRegions = (
				en,
				Base,
			);
			mainGroup = BBB7A0862CA8626300B6E875;
			minimizedProjectReferenceProxies = 1;
			preferredProjectObjectVersion = 77;
			productRefGroup = BBB7A0902CA8626300B6E875 /* Products */;
			projectDirPath = "";
			projectRoot = "";
			targets = (
				BBB7A08E2CA8626300B6E875 /* MyTallies */,
				BBA0DC902CAF33F900A9DDDC /* MyTalliesWidgetExtension */,
			);
		};
/* End PBXProject section */

/* Begin PBXResourcesBuildPhase section */
		BBA0DC8F2CAF33F900A9DDDC /* Resources */ = {
			isa = PBXResourcesBuildPhase;
			buildActionMask = 2147483647;
			files = (
			);
			runOnlyForDeploymentPostprocessing = 0;
		};
		BBB7A08D2CA8626300B6E875 /* Resources */ = {
			isa = PBXResourcesBuildPhase;
			buildActionMask = 2147483647;
			files = (
				BB5440DD2CA8CC6900BB0AA6 /* Launch Screen.storyboard in Resources */,
				BBB7A0D22CA8C8D600B6E875 /* Preview Assets.xcassets in Resources */,
				BBB7A0D32CA8C8D600B6E875 /* Assets.xcassets in Resources */,
			);
			runOnlyForDeploymentPostprocessing = 0;
		};
/* End PBXResourcesBuildPhase section */

/* Begin PBXSourcesBuildPhase section */
		BBA0DC8D2CAF33F900A9DDDC /* Sources */ = {
			isa = PBXSourcesBuildPhase;
			buildActionMask = 2147483647;
			files = (
				BBA0DCA42CAF49E900A9DDDC /* Tally.swift in Sources */,
				BBA0DCA52CAF664300A9DDDC /* SingleTallyView.swift in Sources */,
			);
			runOnlyForDeploymentPostprocessing = 0;
		};
		BBB7A08B2CA8626300B6E875 /* Sources */ = {
			isa = PBXSourcesBuildPhase;
			buildActionMask = 2147483647;
			files = (
				BBB7A0CF2CA8C8D600B6E875 /* MyTalliesApp.swift in Sources */,
				BB78ADA82CADCE0100741F9D /* MockData.swift in Sources */,
				BB78ADAC2CAE006300741F9D /* NewTallyView.swift in Sources */,
				BB5716212CB1BD4100C37330 /* Router.swift in Sources */,
				BBB7A0D02CA8C8D600B6E875 /* TallySelectionView.swift in Sources */,
				BB78ADA62CADCD1200741F9D /* Tally.swift in Sources */,
				BB78ADAA2CADF51D00741F9D /* SingleTallyView.swift in Sources */,
			);
			runOnlyForDeploymentPostprocessing = 0;
		};
/* End PBXSourcesBuildPhase section */

/* Begin PBXTargetDependency section */
		BBA0DC9D2CAF33FB00A9DDDC /* PBXTargetDependency */ = {
			isa = PBXTargetDependency;
			target = BBA0DC902CAF33F900A9DDDC /* MyTalliesWidgetExtension */;
			targetProxy = BBA0DC9C2CAF33FB00A9DDDC /* PBXContainerItemProxy */;
		};
/* End PBXTargetDependency section */

/* Begin XCBuildConfiguration section */
		BBA0DCA12CAF33FB00A9DDDC /* Debug */ = {
			isa = XCBuildConfiguration;
			buildSettings = {
				ASSETCATALOG_COMPILER_GLOBAL_ACCENT_COLOR_NAME = AccentColor;
				ASSETCATALOG_COMPILER_WIDGET_BACKGROUND_COLOR_NAME = WidgetBackground;
				CODE_SIGN_ENTITLEMENTS = MyTalliesWidgetExtension.entitlements;
				CODE_SIGN_STYLE = Automatic;
				CURRENT_PROJECT_VERSION = 1;
				DEVELOPMENT_TEAM = RKV4UP49S6;
				GENERATE_INFOPLIST_FILE = YES;
				INFOPLIST_FILE = MyTalliesWidget/Info.plist;
				INFOPLIST_KEY_CFBundleDisplayName = MyTalliesWidget;
				INFOPLIST_KEY_NSHumanReadableCopyright = "";
				LD_RUNPATH_SEARCH_PATHS = (
					"$(inherited)",
					"@executable_path/Frameworks",
					"@executable_path/../../Frameworks",
				);
				MARKETING_VERSION = 1.0;
				PRODUCT_BUNDLE_IDENTIFIER = createchsol.com.MyTallies.MyTalliesWidget;
				PRODUCT_NAME = "$(TARGET_NAME)";
				SKIP_INSTALL = YES;
				SWIFT_EMIT_LOC_STRINGS = YES;
				SWIFT_VERSION = 5.0;
				TARGETED_DEVICE_FAMILY = "1,2";
			};
			name = Debug;
		};
		BBA0DCA22CAF33FB00A9DDDC /* Release */ = {
			isa = XCBuildConfiguration;
			buildSettings = {
				ASSETCATALOG_COMPILER_GLOBAL_ACCENT_COLOR_NAME = AccentColor;
				ASSETCATALOG_COMPILER_WIDGET_BACKGROUND_COLOR_NAME = WidgetBackground;
				CODE_SIGN_ENTITLEMENTS = MyTalliesWidgetExtension.entitlements;
				CODE_SIGN_STYLE = Automatic;
				CURRENT_PROJECT_VERSION = 1;
				DEVELOPMENT_TEAM = RKV4UP49S6;
				GENERATE_INFOPLIST_FILE = YES;
				INFOPLIST_FILE = MyTalliesWidget/Info.plist;
				INFOPLIST_KEY_CFBundleDisplayName = MyTalliesWidget;
				INFOPLIST_KEY_NSHumanReadableCopyright = "";
				LD_RUNPATH_SEARCH_PATHS = (
					"$(inherited)",
					"@executable_path/Frameworks",
					"@executable_path/../../Frameworks",
				);
				MARKETING_VERSION = 1.0;
				PRODUCT_BUNDLE_IDENTIFIER = createchsol.com.MyTallies.MyTalliesWidget;
				PRODUCT_NAME = "$(TARGET_NAME)";
				SKIP_INSTALL = YES;
				SWIFT_EMIT_LOC_STRINGS = YES;
				SWIFT_VERSION = 5.0;
				TARGETED_DEVICE_FAMILY = "1,2";
			};
			name = Release;
		};
		BBB7A09B2CA8626400B6E875 /* Debug */ = {
			isa = XCBuildConfiguration;
			buildSettings = {
				ALWAYS_SEARCH_USER_PATHS = NO;
				ASSETCATALOG_COMPILER_GENERATE_SWIFT_ASSET_SYMBOL_EXTENSIONS = YES;
				CLANG_ANALYZER_NONNULL = YES;
				CLANG_ANALYZER_NUMBER_OBJECT_CONVERSION = YES_AGGRESSIVE;
				CLANG_CXX_LANGUAGE_STANDARD = "gnu++20";
				CLANG_ENABLE_MODULES = YES;
				CLANG_ENABLE_OBJC_ARC = YES;
				CLANG_ENABLE_OBJC_WEAK = YES;
				CLANG_WARN_BLOCK_CAPTURE_AUTORELEASING = YES;
				CLANG_WARN_BOOL_CONVERSION = YES;
				CLANG_WARN_COMMA = YES;
				CLANG_WARN_CONSTANT_CONVERSION = YES;
				CLANG_WARN_DEPRECATED_OBJC_IMPLEMENTATIONS = YES;
				CLANG_WARN_DIRECT_OBJC_ISA_USAGE = YES_ERROR;
				CLANG_WARN_DOCUMENTATION_COMMENTS = YES;
				CLANG_WARN_EMPTY_BODY = YES;
				CLANG_WARN_ENUM_CONVERSION = YES;
				CLANG_WARN_INFINITE_RECURSION = YES;
				CLANG_WARN_INT_CONVERSION = YES;
				CLANG_WARN_NON_LITERAL_NULL_CONVERSION = YES;
				CLANG_WARN_OBJC_IMPLICIT_RETAIN_SELF = YES;
				CLANG_WARN_OBJC_LITERAL_CONVERSION = YES;
				CLANG_WARN_OBJC_ROOT_CLASS = YES_ERROR;
				CLANG_WARN_QUOTED_INCLUDE_IN_FRAMEWORK_HEADER = YES;
				CLANG_WARN_RANGE_LOOP_ANALYSIS = YES;
				CLANG_WARN_STRICT_PROTOTYPES = YES;
				CLANG_WARN_SUSPICIOUS_MOVE = YES;
				CLANG_WARN_UNGUARDED_AVAILABILITY = YES_AGGRESSIVE;
				CLANG_WARN_UNREACHABLE_CODE = YES;
				CLANG_WARN__DUPLICATE_METHOD_MATCH = YES;
				COPY_PHASE_STRIP = NO;
				DEBUG_INFORMATION_FORMAT = dwarf;
				ENABLE_STRICT_OBJC_MSGSEND = YES;
				ENABLE_TESTABILITY = YES;
				ENABLE_USER_SCRIPT_SANDBOXING = YES;
				GCC_C_LANGUAGE_STANDARD = gnu17;
				GCC_DYNAMIC_NO_PIC = NO;
				GCC_NO_COMMON_BLOCKS = YES;
				GCC_OPTIMIZATION_LEVEL = 0;
				GCC_PREPROCESSOR_DEFINITIONS = (
					"DEBUG=1",
					"$(inherited)",
				);
				GCC_WARN_64_TO_32_BIT_CONVERSION = YES;
				GCC_WARN_ABOUT_RETURN_TYPE = YES_ERROR;
				GCC_WARN_UNDECLARED_SELECTOR = YES;
				GCC_WARN_UNINITIALIZED_AUTOS = YES_AGGRESSIVE;
				GCC_WARN_UNUSED_FUNCTION = YES;
				GCC_WARN_UNUSED_VARIABLE = YES;
				IPHONEOS_DEPLOYMENT_TARGET = 18.0;
				LOCALIZATION_PREFERS_STRING_CATALOGS = YES;
				MTL_ENABLE_DEBUG_INFO = INCLUDE_SOURCE;
				MTL_FAST_MATH = YES;
				ONLY_ACTIVE_ARCH = YES;
				SDKROOT = iphoneos;
				SWIFT_ACTIVE_COMPILATION_CONDITIONS = "DEBUG $(inherited)";
				SWIFT_OPTIMIZATION_LEVEL = "-Onone";
			};
			name = Debug;
		};
		BBB7A09C2CA8626400B6E875 /* Release */ = {
			isa = XCBuildConfiguration;
			buildSettings = {
				ALWAYS_SEARCH_USER_PATHS = NO;
				ASSETCATALOG_COMPILER_GENERATE_SWIFT_ASSET_SYMBOL_EXTENSIONS = YES;
				CLANG_ANALYZER_NONNULL = YES;
				CLANG_ANALYZER_NUMBER_OBJECT_CONVERSION = YES_AGGRESSIVE;
				CLANG_CXX_LANGUAGE_STANDARD = "gnu++20";
				CLANG_ENABLE_MODULES = YES;
				CLANG_ENABLE_OBJC_ARC = YES;
				CLANG_ENABLE_OBJC_WEAK = YES;
				CLANG_WARN_BLOCK_CAPTURE_AUTORELEASING = YES;
				CLANG_WARN_BOOL_CONVERSION = YES;
				CLANG_WARN_COMMA = YES;
				CLANG_WARN_CONSTANT_CONVERSION = YES;
				CLANG_WARN_DEPRECATED_OBJC_IMPLEMENTATIONS = YES;
				CLANG_WARN_DIRECT_OBJC_ISA_USAGE = YES_ERROR;
				CLANG_WARN_DOCUMENTATION_COMMENTS = YES;
				CLANG_WARN_EMPTY_BODY = YES;
				CLANG_WARN_ENUM_CONVERSION = YES;
				CLANG_WARN_INFINITE_RECURSION = YES;
				CLANG_WARN_INT_CONVERSION = YES;
				CLANG_WARN_NON_LITERAL_NULL_CONVERSION = YES;
				CLANG_WARN_OBJC_IMPLICIT_RETAIN_SELF = YES;
				CLANG_WARN_OBJC_LITERAL_CONVERSION = YES;
				CLANG_WARN_OBJC_ROOT_CLASS = YES_ERROR;
				CLANG_WARN_QUOTED_INCLUDE_IN_FRAMEWORK_HEADER = YES;
				CLANG_WARN_RANGE_LOOP_ANALYSIS = YES;
				CLANG_WARN_STRICT_PROTOTYPES = YES;
				CLANG_WARN_SUSPICIOUS_MOVE = YES;
				CLANG_WARN_UNGUARDED_AVAILABILITY = YES_AGGRESSIVE;
				CLANG_WARN_UNREACHABLE_CODE = YES;
				CLANG_WARN__DUPLICATE_METHOD_MATCH = YES;
				COPY_PHASE_STRIP = NO;
				DEBUG_INFORMATION_FORMAT = "dwarf-with-dsym";
				ENABLE_NS_ASSERTIONS = NO;
				ENABLE_STRICT_OBJC_MSGSEND = YES;
				ENABLE_USER_SCRIPT_SANDBOXING = YES;
				GCC_C_LANGUAGE_STANDARD = gnu17;
				GCC_NO_COMMON_BLOCKS = YES;
				GCC_WARN_64_TO_32_BIT_CONVERSION = YES;
				GCC_WARN_ABOUT_RETURN_TYPE = YES_ERROR;
				GCC_WARN_UNDECLARED_SELECTOR = YES;
				GCC_WARN_UNINITIALIZED_AUTOS = YES_AGGRESSIVE;
				GCC_WARN_UNUSED_FUNCTION = YES;
				GCC_WARN_UNUSED_VARIABLE = YES;
				IPHONEOS_DEPLOYMENT_TARGET = 18.0;
				LOCALIZATION_PREFERS_STRING_CATALOGS = YES;
				MTL_ENABLE_DEBUG_INFO = NO;
				MTL_FAST_MATH = YES;
				SDKROOT = iphoneos;
				SWIFT_COMPILATION_MODE = wholemodule;
				VALIDATE_PRODUCT = YES;
			};
			name = Release;
		};
		BBB7A09E2CA8626400B6E875 /* Debug */ = {
			isa = XCBuildConfiguration;
			buildSettings = {
				ASSETCATALOG_COMPILER_APPICON_NAME = AppIcon;
				ASSETCATALOG_COMPILER_GLOBAL_ACCENT_COLOR_NAME = AccentColor;
				CODE_SIGN_ENTITLEMENTS = MyTallies/MyTallies.entitlements;
				CODE_SIGN_STYLE = Automatic;
				CURRENT_PROJECT_VERSION = 1;
				DEVELOPMENT_ASSET_PATHS = "\"MyTallies/Preview Content\"";
				DEVELOPMENT_TEAM = RKV4UP49S6;
				ENABLE_PREVIEWS = YES;
				GENERATE_INFOPLIST_FILE = YES;
				INFOPLIST_KEY_UIApplicationSceneManifest_Generation = YES;
				INFOPLIST_KEY_UIApplicationSupportsIndirectInputEvents = YES;
				INFOPLIST_KEY_UILaunchScreen_Generation = YES;
				INFOPLIST_KEY_UILaunchStoryboardName = "Launch Screen";
				INFOPLIST_KEY_UISupportedInterfaceOrientations_iPad = "UIInterfaceOrientationPortrait UIInterfaceOrientationPortraitUpsideDown UIInterfaceOrientationLandscapeLeft UIInterfaceOrientationLandscapeRight";
				INFOPLIST_KEY_UISupportedInterfaceOrientations_iPhone = "UIInterfaceOrientationPortrait UIInterfaceOrientationLandscapeLeft UIInterfaceOrientationLandscapeRight";
				LD_RUNPATH_SEARCH_PATHS = (
					"$(inherited)",
					"@executable_path/Frameworks",
				);
				MARKETING_VERSION = 1.0;
				PRODUCT_BUNDLE_IDENTIFIER = createchsol.com.MyTallies;
				PRODUCT_NAME = "$(TARGET_NAME)";
				SWIFT_EMIT_LOC_STRINGS = YES;
				SWIFT_VERSION = 5.0;
				TARGETED_DEVICE_FAMILY = "1,2";
			};
			name = Debug;
		};
		BBB7A09F2CA8626400B6E875 /* Release */ = {
			isa = XCBuildConfiguration;
			buildSettings = {
				ASSETCATALOG_COMPILER_APPICON_NAME = AppIcon;
				ASSETCATALOG_COMPILER_GLOBAL_ACCENT_COLOR_NAME = AccentColor;
				CODE_SIGN_ENTITLEMENTS = MyTallies/MyTallies.entitlements;
				CODE_SIGN_STYLE = Automatic;
				CURRENT_PROJECT_VERSION = 1;
				DEVELOPMENT_ASSET_PATHS = "\"MyTallies/Preview Content\"";
				DEVELOPMENT_TEAM = RKV4UP49S6;
				ENABLE_PREVIEWS = YES;
				GENERATE_INFOPLIST_FILE = YES;
				INFOPLIST_KEY_UIApplicationSceneManifest_Generation = YES;
				INFOPLIST_KEY_UIApplicationSupportsIndirectInputEvents = YES;
				INFOPLIST_KEY_UILaunchScreen_Generation = YES;
				INFOPLIST_KEY_UILaunchStoryboardName = "Launch Screen";
				INFOPLIST_KEY_UISupportedInterfaceOrientations_iPad = "UIInterfaceOrientationPortrait UIInterfaceOrientationPortraitUpsideDown UIInterfaceOrientationLandscapeLeft UIInterfaceOrientationLandscapeRight";
				INFOPLIST_KEY_UISupportedInterfaceOrientations_iPhone = "UIInterfaceOrientationPortrait UIInterfaceOrientationLandscapeLeft UIInterfaceOrientationLandscapeRight";
				LD_RUNPATH_SEARCH_PATHS = (
					"$(inherited)",
					"@executable_path/Frameworks",
				);
				MARKETING_VERSION = 1.0;
				PRODUCT_BUNDLE_IDENTIFIER = createchsol.com.MyTallies;
				PRODUCT_NAME = "$(TARGET_NAME)";
				SWIFT_EMIT_LOC_STRINGS = YES;
				SWIFT_VERSION = 5.0;
				TARGETED_DEVICE_FAMILY = "1,2";
			};
			name = Release;
		};
/* End XCBuildConfiguration section */

/* Begin XCConfigurationList section */
		BBA0DCA02CAF33FB00A9DDDC /* Build configuration list for PBXNativeTarget "MyTalliesWidgetExtension" */ = {
			isa = XCConfigurationList;
			buildConfigurations = (
				BBA0DCA12CAF33FB00A9DDDC /* Debug */,
				BBA0DCA22CAF33FB00A9DDDC /* Release */,
			);
			defaultConfigurationIsVisible = 0;
			defaultConfigurationName = Release;
		};
		BBB7A08A2CA8626300B6E875 /* Build configuration list for PBXProject "MyTallies" */ = {
			isa = XCConfigurationList;
			buildConfigurations = (
				BBB7A09B2CA8626400B6E875 /* Debug */,
				BBB7A09C2CA8626400B6E875 /* Release */,
			);
			defaultConfigurationIsVisible = 0;
			defaultConfigurationName = Release;
		};
		BBB7A09D2CA8626400B6E875 /* Build configuration list for PBXNativeTarget "MyTallies" */ = {
			isa = XCConfigurationList;
			buildConfigurations = (
				BBB7A09E2CA8626400B6E875 /* Debug */,
				BBB7A09F2CA8626400B6E875 /* Release */,
			);
			defaultConfigurationIsVisible = 0;
			defaultConfigurationName = Release;
		};
/* End XCConfigurationList section */
	};
	rootObject = BBB7A0872CA8626300B6E875 /* Project object */;
}
